
Microsoft Visual Studio Solution File, Format Version 12.00
# Visual Studio Version 17
VisualStudioVersion = 17.10.35013.160
MinimumVisualStudioVersion = 10.0.40219.1
Project("{FAE04EC0-301F-11D3-BF4B-00C04F79EFBC}") = "backCertificatesV2", "backCertificatesV2\backCertificatesV2.csproj", "{34D5DCEB-CF1C-488C-BD76-BDEB8D3B0110}"
EndProject
Global
	GlobalSection(SolutionConfigurationPlatforms) = preSolution
		Debug|Any CPU = Debug|Any CPU
		Release|Any CPU = Release|Any CPU
	EndGlobalSection
	GlobalSection(ProjectConfigurationPlatforms) = postSolution
		{34D5DCEB-CF1C-488C-BD76-BDEB8D3B0110}.Debug|Any CPU.ActiveCfg = Debug|Any CPU
		{34D5DCEB-CF1C-488C-BD76-BDEB8D3B0110}.Debug|Any CPU.Build.0 = Debug|Any CPU
		{34D5DCEB-CF1C-488C-BD76-BDEB8D3B0110}.Release|Any CPU.ActiveCfg = Release|Any CPU
		{34D5DCEB-CF1C-488C-BD76-BDEB8D3B0110}.Release|Any CPU.Build.0 = Release|Any CPU
	EndGlobalSection
	GlobalSection(SolutionProperties) = preSolution
		HideSolutionNode = FALSE
	EndGlobalSection
	GlobalSection(ExtensibilityGlobals) = postSolution
		SolutionGuid = {5461BD91-7A8B-42C5-9B18-788E04C84683}
	EndGlobalSection
EndGlobal
